
Microsoft Visual Studio Solution File, Format Version 12.00
# Visual Studio 15
VisualStudioVersion = 15.0.28307.757
MinimumVisualStudioVersion = 10.0.40219.1
Project("{8BC9CEB8-8B4A-11D0-8D11-00A0C91BC942}") = "Sandbox", "Sandbox\Sandbox.vcxproj", "{2C380A69-B68A-459F-AF29-431ED922CA39}"
EndProject
Project("{8BC9CEB8-8B4A-11D0-8D11-00A0C91BC942}") = "Hazel", "Hazel\Hazel.vcxproj", "{E0567321-98C5-4C70-94DE-47C7EA84B063}"
EndProject
Global
	GlobalSection(SolutionConfigurationPlatforms) = preSolution
		Debug|x64 = Debug|x64
		Debug|x86 = Debug|x86
		Release|x64 = Release|x64
		Release|x86 = Release|x86
	EndGlobalSection
	GlobalSection(ProjectConfigurationPlatforms) = postSolution
		{E0567321-98C5-4C70-94DE-47C7EA84B063}.Debug|x64.ActiveCfg = Debug|x64
		{E0567321-98C5-4C70-94DE-47C7EA84B063}.Debug|x64.Build.0 = Debug|x64
		{E0567321-98C5-4C70-94DE-47C7EA84B063}.Debug|x86.ActiveCfg = Debug|x64
		{E0567321-98C5-4C70-94DE-47C7EA84B063}.Release|x64.ActiveCfg = Release|x64
		{E0567321-98C5-4C70-94DE-47C7EA84B063}.Release|x64.Build.0 = Release|x64
		{E0567321-98C5-4C70-94DE-47C7EA84B063}.Release|x86.ActiveCfg = Release|x64
		{2C380A69-B68A-459F-AF29-431ED922CA39}.Debug|x64.ActiveCfg = Debug|x64
		{2C380A69-B68A-459F-AF29-431ED922CA39}.Debug|x64.Build.0 = Debug|x64
		{2C380A69-B68A-459F-AF29-431ED922CA39}.Debug|x86.ActiveCfg = Debug|x64
		{2C380A69-B68A-459F-AF29-431ED922CA39}.Release|x64.ActiveCfg = Release|x64
		{2C380A69-B68A-459F-AF29-431ED922CA39}.Release|x64.Build.0 = Release|x64
		{2C380A69-B68A-459F-AF29-431ED922CA39}.Release|x86.ActiveCfg = Release|x64
	EndGlobalSection
	GlobalSection(SolutionProperties) = preSolution
		HideSolutionNode = FALSE
	EndGlobalSection
	GlobalSection(ExtensibilityGlobals) = postSolution
		SolutionGuid = {FF03369E-74F6-4603-9CA8-94D62CC23579}
	EndGlobalSection
EndGlobal
